{
  "originHash" : "7a2b610d8391aea2eb8f1356ad5d56f5c65db87e9f5f10d00bdd3050b279a067",
  "pins" : [
    {
      "identity" : "swift-collections",
      "kind" : "remoteSourceControl",
      "location" : "https://github.com/apple/swift-collections.git",
      "state" : {
        "revision" : "671108c96644956dddcd89dd59c203dcdb36cec7",
        "version" : "1.1.4"
      }
    },
    {
      "identity" : "swift-docc-plugin",
      "kind" : "remoteSourceControl",
      "location" : "https://github.com/apple/swift-docc-plugin",
      "state" : {
        "revision" : "85e4bb4e1cd62cec64a4b8e769dcefdf0c5b9d64",
        "version" : "1.4.3"
      }
    },
    {
      "identity" : "swift-docc-symbolkit",
      "kind" : "remoteSourceControl",
      "location" : "https://github.com/swiftlang/swift-docc-symbolkit",
      "state" : {
        "revision" : "b45d1f2ed151d057b54504d653e0da5552844e34",
        "version" : "1.0.0"
      }
    },
    {
      "identity" : "swift-log",
      "kind" : "remoteSourceControl",
      "location" : "https://github.com/apple/swift-log.git",
      "state" : {
        "revision" : "9cb486020ebf03bfa5b5df985387a14a98744537",
        "version" : "1.6.1"
      }
    },
    {
      "identity" : "swiftcbor",
      "kind" : "remoteSourceControl",
      "location" : "https://github.com/niscy-eudiw/SwiftCBOR.git",
      "state" : {
        "revision" : "2c8c55273d4c4aae21bb46c2afbae79ee072eff4",
        "version" : "0.6.2"
      }
    }
  ],
  "version" : 3
}
