{
  "originHash" : "bb2d2f51ea6fcb8e9402c16f8bc57ac1feced0863778e10dd591598e1b36718f",
  "pins" : [
    {
      "identity" : "swift-collections",
      "kind" : "remoteSourceControl",
      "location" : "https://github.com/apple/swift-collections.git",
      "state" : {
        "revision" : "671108c96644956dddcd89dd59c203dcdb36cec7",
        "version" : "1.1.4"
      }
    },
    {
      "identity" : "swift-log",
      "kind" : "remoteSourceControl",
      "location" : "https://github.com/apple/swift-log.git",
      "state" : {
        "revision" : "7ee16e465622412764b0ff0c1301801dc71b8f61",
        "version" : "1.9.0"
      }
    },
    {
      "identity" : "swiftcbor",
      "kind" : "remoteSourceControl",
      "location" : "https://github.com/niscy-eudiw/SwiftCBOR.git",
      "state" : {
        "revision" : "7d6271345212f3864309666b6eb9f9941be6873d",
        "version" : "0.6.3"
      }
    }
  ],
  "version" : 3
}
